
Microsoft Visual Studio Solution File, Format Version 12.00
# Visual Studio Version 16
VisualStudioVersion = 16.0.30204.135
MinimumVisualStudioVersion = 10.0.40219.1
Project("{FAE04EC0-301F-11D3-BF4B-00C04F79EFBC}") = "01.CountCharsInAString", "01.CountCharsInAString\01.CountCharsInAString.csproj", "{7EE184AC-7690-4D42-8DAC-7026B91B3FDD}"
EndProject
Global
	GlobalSection(SolutionConfigurationPlatforms) = preSolution
		Debug|Any CPU = Debug|Any CPU
		Release|Any CPU = Release|Any CPU
	EndGlobalSection
	GlobalSection(ProjectConfigurationPlatforms) = postSolution
		{7EE184AC-7690-4D42-8DAC-7026B91B3FDD}.Debug|Any CPU.ActiveCfg = Debug|Any CPU
		{7EE184AC-7690-4D42-8DAC-7026B91B3FDD}.Debug|Any CPU.Build.0 = Debug|Any CPU
		{7EE184AC-7690-4D42-8DAC-7026B91B3FDD}.Release|Any CPU.ActiveCfg = Release|Any CPU
		{7EE184AC-7690-4D42-8DAC-7026B91B3FDD}.Release|Any CPU.Build.0 = Release|Any CPU
	EndGlobalSection
	GlobalSection(SolutionProperties) = preSolution
		HideSolutionNode = FALSE
	EndGlobalSection
	GlobalSection(ExtensibilityGlobals) = postSolution
		SolutionGuid = {F712120F-79F7-426A-BC8C-95DA4D657375}
	EndGlobalSection
EndGlobal
