
Microsoft Visual Studio Solution File, Format Version 12.00
# Visual Studio Version 16
VisualStudioVersion = 16.0.30114.105
MinimumVisualStudioVersion = 10.0.40219.1
Project("{FAE04EC0-301F-11D3-BF4B-00C04F79EFBC}") = "04.ReverseArrayОfStrings", "04.ReverseArrayОfStrings\04.ReverseArrayОfStrings.csproj", "{8F9DEFE5-4A3E-4075-BCCF-7F5FB9F15162}"
EndProject
Global
	GlobalSection(SolutionConfigurationPlatforms) = preSolution
		Debug|Any CPU = Debug|Any CPU
		Release|Any CPU = Release|Any CPU
	EndGlobalSection
	GlobalSection(ProjectConfigurationPlatforms) = postSolution
		{8F9DEFE5-4A3E-4075-BCCF-7F5FB9F15162}.Debug|Any CPU.ActiveCfg = Debug|Any CPU
		{8F9DEFE5-4A3E-4075-BCCF-7F5FB9F15162}.Debug|Any CPU.Build.0 = Debug|Any CPU
		{8F9DEFE5-4A3E-4075-BCCF-7F5FB9F15162}.Release|Any CPU.ActiveCfg = Release|Any CPU
		{8F9DEFE5-4A3E-4075-BCCF-7F5FB9F15162}.Release|Any CPU.Build.0 = Release|Any CPU
	EndGlobalSection
	GlobalSection(SolutionProperties) = preSolution
		HideSolutionNode = FALSE
	EndGlobalSection
	GlobalSection(ExtensibilityGlobals) = postSolution
		SolutionGuid = {4C509816-53FB-41BA-9E6B-54BF9A863EBD}
	EndGlobalSection
EndGlobal
