
Microsoft Visual Studio Solution File, Format Version 12.00
# Visual Studio Version 16
VisualStudioVersion = 16.0.30204.135
MinimumVisualStudioVersion = 10.0.40219.1
Project("{FAE04EC0-301F-11D3-BF4B-00C04F79EFBC}") = "04.Text Filter", "04.Text Filter\04.Text Filter.csproj", "{BA1F6B67-8A7B-4A57-84D8-490D3930DFFD}"
EndProject
Global
	GlobalSection(SolutionConfigurationPlatforms) = preSolution
		Debug|Any CPU = Debug|Any CPU
		Release|Any CPU = Release|Any CPU
	EndGlobalSection
	GlobalSection(ProjectConfigurationPlatforms) = postSolution
		{BA1F6B67-8A7B-4A57-84D8-490D3930DFFD}.Debug|Any CPU.ActiveCfg = Debug|Any CPU
		{BA1F6B67-8A7B-4A57-84D8-490D3930DFFD}.Debug|Any CPU.Build.0 = Debug|Any CPU
		{BA1F6B67-8A7B-4A57-84D8-490D3930DFFD}.Release|Any CPU.ActiveCfg = Release|Any CPU
		{BA1F6B67-8A7B-4A57-84D8-490D3930DFFD}.Release|Any CPU.Build.0 = Release|Any CPU
	EndGlobalSection
	GlobalSection(SolutionProperties) = preSolution
		HideSolutionNode = FALSE
	EndGlobalSection
	GlobalSection(ExtensibilityGlobals) = postSolution
		SolutionGuid = {F27763F8-8A32-4175-96A7-F4E97B35E5DC}
	EndGlobalSection
EndGlobal
