
Microsoft Visual Studio Solution File, Format Version 12.00
# Visual Studio Version 16
VisualStudioVersion = 16.0.30114.105
MinimumVisualStudioVersion = 10.0.40219.1
Project("{FAE04EC0-301F-11D3-BF4B-00C04F79EFBC}") = "505.TopIntegers", "505.TopIntegers\505.TopIntegers.csproj", "{690C3040-FD71-4D2E-9EBB-74C6AE9C1910}"
EndProject
Global
	GlobalSection(SolutionConfigurationPlatforms) = preSolution
		Debug|Any CPU = Debug|Any CPU
		Release|Any CPU = Release|Any CPU
	EndGlobalSection
	GlobalSection(ProjectConfigurationPlatforms) = postSolution
		{690C3040-FD71-4D2E-9EBB-74C6AE9C1910}.Debug|Any CPU.ActiveCfg = Debug|Any CPU
		{690C3040-FD71-4D2E-9EBB-74C6AE9C1910}.Debug|Any CPU.Build.0 = Debug|Any CPU
		{690C3040-FD71-4D2E-9EBB-74C6AE9C1910}.Release|Any CPU.ActiveCfg = Release|Any CPU
		{690C3040-FD71-4D2E-9EBB-74C6AE9C1910}.Release|Any CPU.Build.0 = Release|Any CPU
	EndGlobalSection
	GlobalSection(SolutionProperties) = preSolution
		HideSolutionNode = FALSE
	EndGlobalSection
	GlobalSection(ExtensibilityGlobals) = postSolution
		SolutionGuid = {08336974-7E92-4C84-A665-228A01980E74}
	EndGlobalSection
EndGlobal
