
Microsoft Visual Studio Solution File, Format Version 12.00
# Visual Studio Version 16
VisualStudioVersion = 16.0.30204.135
MinimumVisualStudioVersion = 10.0.40219.1
Project("{FAE04EC0-301F-11D3-BF4B-00C04F79EFBC}") = "8.MathPower", "8.MathPower\8.MathPower.csproj", "{843C9015-C860-4DE2-BEB2-FD25C5F3795A}"
EndProject
Global
	GlobalSection(SolutionConfigurationPlatforms) = preSolution
		Debug|Any CPU = Debug|Any CPU
		Release|Any CPU = Release|Any CPU
	EndGlobalSection
	GlobalSection(ProjectConfigurationPlatforms) = postSolution
		{843C9015-C860-4DE2-BEB2-FD25C5F3795A}.Debug|Any CPU.ActiveCfg = Debug|Any CPU
		{843C9015-C860-4DE2-BEB2-FD25C5F3795A}.Debug|Any CPU.Build.0 = Debug|Any CPU
		{843C9015-C860-4DE2-BEB2-FD25C5F3795A}.Release|Any CPU.ActiveCfg = Release|Any CPU
		{843C9015-C860-4DE2-BEB2-FD25C5F3795A}.Release|Any CPU.Build.0 = Release|Any CPU
	EndGlobalSection
	GlobalSection(SolutionProperties) = preSolution
		HideSolutionNode = FALSE
	EndGlobalSection
	GlobalSection(ExtensibilityGlobals) = postSolution
		SolutionGuid = {42EA83A6-9C4D-4D1D-89B6-DF5988ED5D2A}
	EndGlobalSection
EndGlobal
