
Microsoft Visual Studio Solution File, Format Version 12.00
# Visual Studio Version 16
VisualStudioVersion = 16.0.30204.135
MinimumVisualStudioVersion = 10.0.40219.1
Project("{FAE04EC0-301F-11D3-BF4B-00C04F79EFBC}") = "03. ExtractFile", "03. ExtractFile\03. ExtractFile.csproj", "{40342ABF-FA47-4681-A1E6-A74A8EFA9B64}"
EndProject
Global
	GlobalSection(SolutionConfigurationPlatforms) = preSolution
		Debug|Any CPU = Debug|Any CPU
		Release|Any CPU = Release|Any CPU
	EndGlobalSection
	GlobalSection(ProjectConfigurationPlatforms) = postSolution
		{40342ABF-FA47-4681-A1E6-A74A8EFA9B64}.Debug|Any CPU.ActiveCfg = Debug|Any CPU
		{40342ABF-FA47-4681-A1E6-A74A8EFA9B64}.Debug|Any CPU.Build.0 = Debug|Any CPU
		{40342ABF-FA47-4681-A1E6-A74A8EFA9B64}.Release|Any CPU.ActiveCfg = Release|Any CPU
		{40342ABF-FA47-4681-A1E6-A74A8EFA9B64}.Release|Any CPU.Build.0 = Release|Any CPU
	EndGlobalSection
	GlobalSection(SolutionProperties) = preSolution
		HideSolutionNode = FALSE
	EndGlobalSection
	GlobalSection(ExtensibilityGlobals) = postSolution
		SolutionGuid = {283030B4-CB53-4A10-A55E-4BA9D94D7460}
	EndGlobalSection
EndGlobal
