
Microsoft Visual Studio Solution File, Format Version 12.00
# Visual Studio Version 16
VisualStudioVersion = 16.0.30204.135
MinimumVisualStudioVersion = 10.0.40219.1
Project("{FAE04EC0-301F-11D3-BF4B-00C04F79EFBC}") = "01.SumAdjacentEqualNumbers", "01.SumAdjacentEqualNumbers\01.SumAdjacentEqualNumbers.csproj", "{BF661E57-7947-47F5-84E1-559251B02F70}"
EndProject
Global
	GlobalSection(SolutionConfigurationPlatforms) = preSolution
		Debug|Any CPU = Debug|Any CPU
		Release|Any CPU = Release|Any CPU
	EndGlobalSection
	GlobalSection(ProjectConfigurationPlatforms) = postSolution
		{BF661E57-7947-47F5-84E1-559251B02F70}.Debug|Any CPU.ActiveCfg = Debug|Any CPU
		{BF661E57-7947-47F5-84E1-559251B02F70}.Debug|Any CPU.Build.0 = Debug|Any CPU
		{BF661E57-7947-47F5-84E1-559251B02F70}.Release|Any CPU.ActiveCfg = Release|Any CPU
		{BF661E57-7947-47F5-84E1-559251B02F70}.Release|Any CPU.Build.0 = Release|Any CPU
	EndGlobalSection
	GlobalSection(SolutionProperties) = preSolution
		HideSolutionNode = FALSE
	EndGlobalSection
	GlobalSection(ExtensibilityGlobals) = postSolution
		SolutionGuid = {0BE05921-1AAE-4E79-B863-F688CDB8A30F}
	EndGlobalSection
EndGlobal
