
Microsoft Visual Studio Solution File, Format Version 12.00
# Visual Studio Version 16
VisualStudioVersion = 16.0.30114.105
MinimumVisualStudioVersion = 10.0.40219.1
Project("{FAE04EC0-301F-11D3-BF4B-00C04F79EFBC}") = "04.ArrayRotation", "04.ArrayRotation\04.ArrayRotation.csproj", "{92FC4270-7466-45CD-97CC-F4BEF94A0B92}"
EndProject
Global
	GlobalSection(SolutionConfigurationPlatforms) = preSolution
		Debug|Any CPU = Debug|Any CPU
		Release|Any CPU = Release|Any CPU
	EndGlobalSection
	GlobalSection(ProjectConfigurationPlatforms) = postSolution
		{92FC4270-7466-45CD-97CC-F4BEF94A0B92}.Debug|Any CPU.ActiveCfg = Debug|Any CPU
		{92FC4270-7466-45CD-97CC-F4BEF94A0B92}.Debug|Any CPU.Build.0 = Debug|Any CPU
		{92FC4270-7466-45CD-97CC-F4BEF94A0B92}.Release|Any CPU.ActiveCfg = Release|Any CPU
		{92FC4270-7466-45CD-97CC-F4BEF94A0B92}.Release|Any CPU.Build.0 = Release|Any CPU
	EndGlobalSection
	GlobalSection(SolutionProperties) = preSolution
		HideSolutionNode = FALSE
	EndGlobalSection
	GlobalSection(ExtensibilityGlobals) = postSolution
		SolutionGuid = {A292384C-DA35-45CB-8756-DAAEF7463097}
	EndGlobalSection
EndGlobal
