
Microsoft Visual Studio Solution File, Format Version 12.00
# Visual Studio Version 16
VisualStudioVersion = 16.0.30204.135
MinimumVisualStudioVersion = 10.0.40219.1
Project("{FAE04EC0-301F-11D3-BF4B-00C04F79EFBC}") = "09.KaminoFactory", "09.KaminoFactory\09.KaminoFactory.csproj", "{CC9DC7EF-8185-4708-81BB-922B808D3207}"
EndProject
Global
	GlobalSection(SolutionConfigurationPlatforms) = preSolution
		Debug|Any CPU = Debug|Any CPU
		Release|Any CPU = Release|Any CPU
	EndGlobalSection
	GlobalSection(ProjectConfigurationPlatforms) = postSolution
		{CC9DC7EF-8185-4708-81BB-922B808D3207}.Debug|Any CPU.ActiveCfg = Debug|Any CPU
		{CC9DC7EF-8185-4708-81BB-922B808D3207}.Debug|Any CPU.Build.0 = Debug|Any CPU
		{CC9DC7EF-8185-4708-81BB-922B808D3207}.Release|Any CPU.ActiveCfg = Release|Any CPU
		{CC9DC7EF-8185-4708-81BB-922B808D3207}.Release|Any CPU.Build.0 = Release|Any CPU
	EndGlobalSection
	GlobalSection(SolutionProperties) = preSolution
		HideSolutionNode = FALSE
	EndGlobalSection
	GlobalSection(ExtensibilityGlobals) = postSolution
		SolutionGuid = {9D712020-3BB0-41F7-B585-59AC49D6866B}
	EndGlobalSection
EndGlobal
